
Microsoft Visual Studio Solution File, Format Version 12.00
# Visual Studio Version 17
VisualStudioVersion = 17.6.33723.286
MinimumVisualStudioVersion = 10.0.40219.1
Project("{8BC9CEB8-8B4A-11D0-8D11-00A0C91BC942}") = "ArrayListPlus", "ArrayListPlus\ArrayListPlus.vcxproj", "{D56AC67B-E31C-439F-8B58-2BC7699D4449}"
EndProject
Project("{8BC9CEB8-8B4A-11D0-8D11-00A0C91BC942}") = "Longest Substring", "Longest Substring\Longest Substring.vcxproj", "{3067D31C-6F48-48FC-A612-CB1D17965701}"
EndProject
Project("{8BC9CEB8-8B4A-11D0-8D11-00A0C91BC942}") = "LongestPalindromicSubstring", "LongestPalindromicSubstring\LongestPalindromicSubstring.vcxproj", "{B0F75E6C-BB4E-4C72-BE30-038133337D77}"
EndProject
Project("{8BC9CEB8-8B4A-11D0-8D11-00A0C91BC942}") = "ZigZagConversion", "ZigZagConversion\ZigZagConversion.vcxproj", "{F9457B5E-8401-44CD-BB0A-55C2EFAA649B}"
EndProject
Project("{8BC9CEB8-8B4A-11D0-8D11-00A0C91BC942}") = "ReverseInteger", "ReverseInteger\ReverseInteger.vcxproj", "{CC947EE2-556E-48FB-86B1-A7F7B274D9DD}"
EndProject
Project("{8BC9CEB8-8B4A-11D0-8D11-00A0C91BC942}") = "ContainerWithMostWater", "ContainerWithMostWater\ContainerWithMostWater.vcxproj", "{97472C86-44E8-45B2-825C-93A426322052}"
EndProject
Project("{8BC9CEB8-8B4A-11D0-8D11-00A0C91BC942}") = "IntegerToRoman", "IntegerToRoman\IntegerToRoman.vcxproj", "{9C832461-45CA-4E07-9109-7752352ADB2E}"
EndProject
Project("{8BC9CEB8-8B4A-11D0-8D11-00A0C91BC942}") = "3Sum", "3Sum\3Sum.vcxproj", "{8D94C3A1-8F4E-47B9-8B5F-D4E1E93303EC}"
EndProject
Project("{8BC9CEB8-8B4A-11D0-8D11-00A0C91BC942}") = "3Sum Closest", "3Sum Closest\3Sum Closest.vcxproj", "{347B233B-F478-4BEA-83E2-B30B9EE9368C}"
EndProject
Project("{8BC9CEB8-8B4A-11D0-8D11-00A0C91BC942}") = "LetterCombinationsOfAPhoneNumber", "LetterCombinationsOfAPhoneNumber\LetterCombinationsOfAPhoneNumber.vcxproj", "{C1AE7C42-35EE-4E4B-B463-6BB5A09CAFD2}"
EndProject
Project("{8BC9CEB8-8B4A-11D0-8D11-00A0C91BC942}") = "4Sum", "4Sum\4Sum.vcxproj", "{250395ED-9372-4E3F-B4DB-55C5DF075DAB}"
EndProject
Project("{8BC9CEB8-8B4A-11D0-8D11-00A0C91BC942}") = "RemoveNthNodeFromEndOfList", "RemoveNthNodeFromEndOfList\RemoveNthNodeFromEndOfList.vcxproj", "{FDAD506B-700C-49FA-8F87-19439B53FEA8}"
EndProject
Project("{8BC9CEB8-8B4A-11D0-8D11-00A0C91BC942}") = "GenerateParentheses", "GenerateParentheses\GenerateParentheses.vcxproj", "{810CCE85-8B93-483A-91A8-2DCE072DA2CD}"
EndProject
Project("{8BC9CEB8-8B4A-11D0-8D11-00A0C91BC942}") = "SwapNodesInPairs", "SwapNodesInPairs\SwapNodesInPairs.vcxproj", "{3C7FF542-297F-4C02-AEF8-FAEB5B86BB64}"
EndProject
Project("{8BC9CEB8-8B4A-11D0-8D11-00A0C91BC942}") = "MedianOfTwoSortedArrays", "MedianOfTwoSortedArrays\MedianOfTwoSortedArrays.vcxproj", "{CE9227BD-8CEB-40E5-B985-E0A24C3BFC85}"
EndProject
Project("{8BC9CEB8-8B4A-11D0-8D11-00A0C91BC942}") = "RegularExpressionMatching", "RegularExpressionMatching\RegularExpressionMatching.vcxproj", "{4677A071-302B-4373-BBE6-5B38BEF171F1}"
EndProject
Project("{8BC9CEB8-8B4A-11D0-8D11-00A0C91BC942}") = "MergeKSortedLists", "MergeKSortedLists\MergeKSortedLists.vcxproj", "{F681C94C-45A8-4252-898C-3117EE550E02}"
EndProject
Project("{8BC9CEB8-8B4A-11D0-8D11-00A0C91BC942}") = "ReverseNodesInK-Group", "ReverseNodesInK-Group\ReverseNodesInK-Group.vcxproj", "{3FACDB0B-D5CE-4DB2-85EA-C0806B0D4DCA}"
EndProject
Project("{8BC9CEB8-8B4A-11D0-8D11-00A0C91BC942}") = "SubstringWithConcatenationOfAllWords", "SubstringWithConcatenationOfAllWords\SubstringWithConcatenationOfAllWords.vcxproj", "{06F7F7B8-B2A3-468C-A5CC-E19E7F7BD8C1}"
EndProject
Project("{8BC9CEB8-8B4A-11D0-8D11-00A0C91BC942}") = "LongestValidParentheses", "LongestValidParentheses\LongestValidParentheses.vcxproj", "{480BE710-20C4-4EB7-B085-D8CBBBA67A3D}"
EndProject
Project("{8BC9CEB8-8B4A-11D0-8D11-00A0C91BC942}") = "SudokuSolver", "SudokuSolver\SudokuSolver.vcxproj", "{17A3B8AD-B92B-40C3-A5B4-8C8024C4EC90}"
EndProject
Project("{8BC9CEB8-8B4A-11D0-8D11-00A0C91BC942}") = "FirstMissingPositive", "FirstMissingPositive\FirstMissingPositive.vcxproj", "{70915734-AD1E-4AA0-A74C-53C0DB28900A}"
EndProject
Project("{8BC9CEB8-8B4A-11D0-8D11-00A0C91BC942}") = "TrappingRainWater", "TrappingRainWater\TrappingRainWater.vcxproj", "{4B6459E5-2426-4244-A23B-9938E1BF8BAA}"
EndProject
Project("{8BC9CEB8-8B4A-11D0-8D11-00A0C91BC942}") = "WildcardMatching", "WildcardMatching\WildcardMatching.vcxproj", "{3B47CDCA-8FEC-4D90-A819-C16F1A3017CC}"
EndProject
Project("{8BC9CEB8-8B4A-11D0-8D11-00A0C91BC942}") = "MaximumSubarray", "MaximumSubarray\MaximumSubarray.vcxproj", "{2D8B6E31-BE59-4800-90E0-8A99555EAE52}"
EndProject
Project("{8BC9CEB8-8B4A-11D0-8D11-00A0C91BC942}") = "SearchInRotatedSortedArray", "SearchInRotatedSortedArray\SearchInRotatedSortedArray.vcxproj", "{EF712F49-7A13-41D4-BE99-B47095BAED21}"
EndProject
Project("{8BC9CEB8-8B4A-11D0-8D11-00A0C91BC942}") = "FindFirstAndLastPositionOfElement", "FindFirstAndLastPositionOfElement\FindFirstAndLastPositionOfElement.vcxproj", "{589DA8B2-8F27-4924-859A-C32939DC8CD7}"
EndProject
Project("{8BC9CEB8-8B4A-11D0-8D11-00A0C91BC942}") = "NQueens", "NQueens\NQueens.vcxproj", "{613D4D89-BA25-4A46-94D0-6881473339CE}"
EndProject
Project("{8BC9CEB8-8B4A-11D0-8D11-00A0C91BC942}") = "N-QueensII", "N-QueensII\N-QueensII.vcxproj", "{9BDA5FC4-C712-4D32-8890-E0BC8E32C9A3}"
EndProject
Project("{8BC9CEB8-8B4A-11D0-8D11-00A0C91BC942}") = "ValidSudoku", "ValidSuduku\ValidSuduku.vcxproj", "{0A308E31-9C59-433D-BFEF-3A6CB6DBD28C}"
EndProject
Project("{8BC9CEB8-8B4A-11D0-8D11-00A0C91BC942}") = "GetPermutation", "GetPermutation\GetPermutation.vcxproj", "{4573FA3A-7E86-4A0B-84D2-70790275F087}"
EndProject
Project("{8BC9CEB8-8B4A-11D0-8D11-00A0C91BC942}") = "CountBeautifulNumbers", "CountBeautifulNumbers\CountBeautifulNumbers.vcxproj", "{619FC9DC-FBF5-4411-8F66-9370BE0F02F8}"
EndProject
Project("{8BC9CEB8-8B4A-11D0-8D11-00A0C91BC942}") = "TextJustification", "TextJustification\TextJustification.vcxproj", "{78BE20E7-7EA6-428F-B436-9C5375AD7F03}"
EndProject
Project("{8BC9CEB8-8B4A-11D0-8D11-00A0C91BC942}") = "MinimumWindowSubstring", "MinimumWindowSubstring\MinimumWindowSubstring.vcxproj", "{C12087AA-44AD-4DED-8274-3EA68B4D68AA}"
EndProject
Project("{8BC9CEB8-8B4A-11D0-8D11-00A0C91BC942}") = "LargestRectangleInHistogram", "LargestRectangleInHistogram\LargestRectangleInHistogram.vcxproj", "{671B2A07-6A6A-4AB7-B30E-99C9671CC566}"
EndProject
Project("{8BC9CEB8-8B4A-11D0-8D11-00A0C91BC942}") = "ScrambleString", "ScrambleString\ScrambleString.vcxproj", "{6CDE81AD-D8C7-4386-B6DE-48AF10672C4D}"
EndProject
Project("{8BC9CEB8-8B4A-11D0-8D11-00A0C91BC942}") = "Combinations", "Combinations\Combinations.vcxproj", "{3FAFE773-0036-4E45-ADBC-4D3908274B4D}"
EndProject
Project("{8BC9CEB8-8B4A-11D0-8D11-00A0C91BC942}") = "RomanToInteger", "RomanToInteger\RomanToInteger.vcxproj", "{98E266D0-0701-4417-8BA3-55145EEB9C07}"
EndProject
Project("{8BC9CEB8-8B4A-11D0-8D11-00A0C91BC942}") = "MultiplyStrings", "MultiplyStrings\MultiplyStrings.vcxproj", "{59E9F71A-8B94-4C2D-8AA2-586B3189F5F6}"
EndProject
Project("{8BC9CEB8-8B4A-11D0-8D11-00A0C91BC942}") = "InorderTraversal", "InorderTraversal\InorderTraversal.vcxproj", "{D851C384-4532-4F91-8F87-A50621291977}"
EndProject
Global
	GlobalSection(SolutionConfigurationPlatforms) = preSolution
		Debug|x64 = Debug|x64
		Debug|x86 = Debug|x86
		Release|x64 = Release|x64
		Release|x86 = Release|x86
	EndGlobalSection
	GlobalSection(ProjectConfigurationPlatforms) = postSolution
		{D56AC67B-E31C-439F-8B58-2BC7699D4449}.Debug|x64.ActiveCfg = Debug|x64
		{D56AC67B-E31C-439F-8B58-2BC7699D4449}.Debug|x64.Build.0 = Debug|x64
		{D56AC67B-E31C-439F-8B58-2BC7699D4449}.Debug|x86.ActiveCfg = Debug|Win32
		{D56AC67B-E31C-439F-8B58-2BC7699D4449}.Debug|x86.Build.0 = Debug|Win32
		{D56AC67B-E31C-439F-8B58-2BC7699D4449}.Release|x64.ActiveCfg = Release|x64
		{D56AC67B-E31C-439F-8B58-2BC7699D4449}.Release|x64.Build.0 = Release|x64
		{D56AC67B-E31C-439F-8B58-2BC7699D4449}.Release|x86.ActiveCfg = Release|Win32
		{D56AC67B-E31C-439F-8B58-2BC7699D4449}.Release|x86.Build.0 = Release|Win32
		{3067D31C-6F48-48FC-A612-CB1D17965701}.Debug|x64.ActiveCfg = Debug|x64
		{3067D31C-6F48-48FC-A612-CB1D17965701}.Debug|x64.Build.0 = Debug|x64
		{3067D31C-6F48-48FC-A612-CB1D17965701}.Debug|x86.ActiveCfg = Debug|Win32
		{3067D31C-6F48-48FC-A612-CB1D17965701}.Debug|x86.Build.0 = Debug|Win32
		{3067D31C-6F48-48FC-A612-CB1D17965701}.Release|x64.ActiveCfg = Release|x64
		{3067D31C-6F48-48FC-A612-CB1D17965701}.Release|x64.Build.0 = Release|x64
		{3067D31C-6F48-48FC-A612-CB1D17965701}.Release|x86.ActiveCfg = Release|Win32
		{3067D31C-6F48-48FC-A612-CB1D17965701}.Release|x86.Build.0 = Release|Win32
		{B0F75E6C-BB4E-4C72-BE30-038133337D77}.Debug|x64.ActiveCfg = Debug|x64
		{B0F75E6C-BB4E-4C72-BE30-038133337D77}.Debug|x64.Build.0 = Debug|x64
		{B0F75E6C-BB4E-4C72-BE30-038133337D77}.Debug|x86.ActiveCfg = Debug|Win32
		{B0F75E6C-BB4E-4C72-BE30-038133337D77}.Debug|x86.Build.0 = Debug|Win32
		{B0F75E6C-BB4E-4C72-BE30-038133337D77}.Release|x64.ActiveCfg = Release|x64
		{B0F75E6C-BB4E-4C72-BE30-038133337D77}.Release|x64.Build.0 = Release|x64
		{B0F75E6C-BB4E-4C72-BE30-038133337D77}.Release|x86.ActiveCfg = Release|Win32
		{B0F75E6C-BB4E-4C72-BE30-038133337D77}.Release|x86.Build.0 = Release|Win32
		{F9457B5E-8401-44CD-BB0A-55C2EFAA649B}.Debug|x64.ActiveCfg = Debug|x64
		{F9457B5E-8401-44CD-BB0A-55C2EFAA649B}.Debug|x64.Build.0 = Debug|x64
		{F9457B5E-8401-44CD-BB0A-55C2EFAA649B}.Debug|x86.ActiveCfg = Debug|Win32
		{F9457B5E-8401-44CD-BB0A-55C2EFAA649B}.Debug|x86.Build.0 = Debug|Win32
		{F9457B5E-8401-44CD-BB0A-55C2EFAA649B}.Release|x64.ActiveCfg = Release|x64
		{F9457B5E-8401-44CD-BB0A-55C2EFAA649B}.Release|x64.Build.0 = Release|x64
		{F9457B5E-8401-44CD-BB0A-55C2EFAA649B}.Release|x86.ActiveCfg = Release|Win32
		{F9457B5E-8401-44CD-BB0A-55C2EFAA649B}.Release|x86.Build.0 = Release|Win32
		{CC947EE2-556E-48FB-86B1-A7F7B274D9DD}.Debug|x64.ActiveCfg = Debug|x64
		{CC947EE2-556E-48FB-86B1-A7F7B274D9DD}.Debug|x64.Build.0 = Debug|x64
		{CC947EE2-556E-48FB-86B1-A7F7B274D9DD}.Debug|x86.ActiveCfg = Debug|Win32
		{CC947EE2-556E-48FB-86B1-A7F7B274D9DD}.Debug|x86.Build.0 = Debug|Win32
		{CC947EE2-556E-48FB-86B1-A7F7B274D9DD}.Release|x64.ActiveCfg = Release|x64
		{CC947EE2-556E-48FB-86B1-A7F7B274D9DD}.Release|x64.Build.0 = Release|x64
		{CC947EE2-556E-48FB-86B1-A7F7B274D9DD}.Release|x86.ActiveCfg = Release|Win32
		{CC947EE2-556E-48FB-86B1-A7F7B274D9DD}.Release|x86.Build.0 = Release|Win32
		{97472C86-44E8-45B2-825C-93A426322052}.Debug|x64.ActiveCfg = Debug|x64
		{97472C86-44E8-45B2-825C-93A426322052}.Debug|x64.Build.0 = Debug|x64
		{97472C86-44E8-45B2-825C-93A426322052}.Debug|x86.ActiveCfg = Debug|Win32
		{97472C86-44E8-45B2-825C-93A426322052}.Debug|x86.Build.0 = Debug|Win32
		{97472C86-44E8-45B2-825C-93A426322052}.Release|x64.ActiveCfg = Release|x64
		{97472C86-44E8-45B2-825C-93A426322052}.Release|x64.Build.0 = Release|x64
		{97472C86-44E8-45B2-825C-93A426322052}.Release|x86.ActiveCfg = Release|Win32
		{97472C86-44E8-45B2-825C-93A426322052}.Release|x86.Build.0 = Release|Win32
		{9C832461-45CA-4E07-9109-7752352ADB2E}.Debug|x64.ActiveCfg = Debug|x64
		{9C832461-45CA-4E07-9109-7752352ADB2E}.Debug|x64.Build.0 = Debug|x64
		{9C832461-45CA-4E07-9109-7752352ADB2E}.Debug|x86.ActiveCfg = Debug|Win32
		{9C832461-45CA-4E07-9109-7752352ADB2E}.Debug|x86.Build.0 = Debug|Win32
		{9C832461-45CA-4E07-9109-7752352ADB2E}.Release|x64.ActiveCfg = Release|x64
		{9C832461-45CA-4E07-9109-7752352ADB2E}.Release|x64.Build.0 = Release|x64
		{9C832461-45CA-4E07-9109-7752352ADB2E}.Release|x86.ActiveCfg = Release|Win32
		{9C832461-45CA-4E07-9109-7752352ADB2E}.Release|x86.Build.0 = Release|Win32
		{8D94C3A1-8F4E-47B9-8B5F-D4E1E93303EC}.Debug|x64.ActiveCfg = Debug|x64
		{8D94C3A1-8F4E-47B9-8B5F-D4E1E93303EC}.Debug|x64.Build.0 = Debug|x64
		{8D94C3A1-8F4E-47B9-8B5F-D4E1E93303EC}.Debug|x86.ActiveCfg = Debug|Win32
		{8D94C3A1-8F4E-47B9-8B5F-D4E1E93303EC}.Debug|x86.Build.0 = Debug|Win32
		{8D94C3A1-8F4E-47B9-8B5F-D4E1E93303EC}.Release|x64.ActiveCfg = Release|x64
		{8D94C3A1-8F4E-47B9-8B5F-D4E1E93303EC}.Release|x64.Build.0 = Release|x64
		{8D94C3A1-8F4E-47B9-8B5F-D4E1E93303EC}.Release|x86.ActiveCfg = Release|Win32
		{8D94C3A1-8F4E-47B9-8B5F-D4E1E93303EC}.Release|x86.Build.0 = Release|Win32
		{347B233B-F478-4BEA-83E2-B30B9EE9368C}.Debug|x64.ActiveCfg = Debug|x64
		{347B233B-F478-4BEA-83E2-B30B9EE9368C}.Debug|x64.Build.0 = Debug|x64
		{347B233B-F478-4BEA-83E2-B30B9EE9368C}.Debug|x86.ActiveCfg = Debug|Win32
		{347B233B-F478-4BEA-83E2-B30B9EE9368C}.Debug|x86.Build.0 = Debug|Win32
		{347B233B-F478-4BEA-83E2-B30B9EE9368C}.Release|x64.ActiveCfg = Release|x64
		{347B233B-F478-4BEA-83E2-B30B9EE9368C}.Release|x64.Build.0 = Release|x64
		{347B233B-F478-4BEA-83E2-B30B9EE9368C}.Release|x86.ActiveCfg = Release|Win32
		{347B233B-F478-4BEA-83E2-B30B9EE9368C}.Release|x86.Build.0 = Release|Win32
		{C1AE7C42-35EE-4E4B-B463-6BB5A09CAFD2}.Debug|x64.ActiveCfg = Debug|x64
		{C1AE7C42-35EE-4E4B-B463-6BB5A09CAFD2}.Debug|x64.Build.0 = Debug|x64
		{C1AE7C42-35EE-4E4B-B463-6BB5A09CAFD2}.Debug|x86.ActiveCfg = Debug|Win32
		{C1AE7C42-35EE-4E4B-B463-6BB5A09CAFD2}.Debug|x86.Build.0 = Debug|Win32
		{C1AE7C42-35EE-4E4B-B463-6BB5A09CAFD2}.Release|x64.ActiveCfg = Release|x64
		{C1AE7C42-35EE-4E4B-B463-6BB5A09CAFD2}.Release|x64.Build.0 = Release|x64
		{C1AE7C42-35EE-4E4B-B463-6BB5A09CAFD2}.Release|x86.ActiveCfg = Release|Win32
		{C1AE7C42-35EE-4E4B-B463-6BB5A09CAFD2}.Release|x86.Build.0 = Release|Win32
		{250395ED-9372-4E3F-B4DB-55C5DF075DAB}.Debug|x64.ActiveCfg = Debug|x64
		{250395ED-9372-4E3F-B4DB-55C5DF075DAB}.Debug|x64.Build.0 = Debug|x64
		{250395ED-9372-4E3F-B4DB-55C5DF075DAB}.Debug|x86.ActiveCfg = Debug|Win32
		{250395ED-9372-4E3F-B4DB-55C5DF075DAB}.Debug|x86.Build.0 = Debug|Win32
		{250395ED-9372-4E3F-B4DB-55C5DF075DAB}.Release|x64.ActiveCfg = Release|x64
		{250395ED-9372-4E3F-B4DB-55C5DF075DAB}.Release|x64.Build.0 = Release|x64
		{250395ED-9372-4E3F-B4DB-55C5DF075DAB}.Release|x86.ActiveCfg = Release|Win32
		{250395ED-9372-4E3F-B4DB-55C5DF075DAB}.Release|x86.Build.0 = Release|Win32
		{FDAD506B-700C-49FA-8F87-19439B53FEA8}.Debug|x64.ActiveCfg = Debug|x64
		{FDAD506B-700C-49FA-8F87-19439B53FEA8}.Debug|x64.Build.0 = Debug|x64
		{FDAD506B-700C-49FA-8F87-19439B53FEA8}.Debug|x86.ActiveCfg = Debug|Win32
		{FDAD506B-700C-49FA-8F87-19439B53FEA8}.Debug|x86.Build.0 = Debug|Win32
		{FDAD506B-700C-49FA-8F87-19439B53FEA8}.Release|x64.ActiveCfg = Release|x64
		{FDAD506B-700C-49FA-8F87-19439B53FEA8}.Release|x64.Build.0 = Release|x64
		{FDAD506B-700C-49FA-8F87-19439B53FEA8}.Release|x86.ActiveCfg = Release|Win32
		{FDAD506B-700C-49FA-8F87-19439B53FEA8}.Release|x86.Build.0 = Release|Win32
		{810CCE85-8B93-483A-91A8-2DCE072DA2CD}.Debug|x64.ActiveCfg = Debug|x64
		{810CCE85-8B93-483A-91A8-2DCE072DA2CD}.Debug|x64.Build.0 = Debug|x64
		{810CCE85-8B93-483A-91A8-2DCE072DA2CD}.Debug|x86.ActiveCfg = Debug|Win32
		{810CCE85-8B93-483A-91A8-2DCE072DA2CD}.Debug|x86.Build.0 = Debug|Win32
		{810CCE85-8B93-483A-91A8-2DCE072DA2CD}.Release|x64.ActiveCfg = Release|x64
		{810CCE85-8B93-483A-91A8-2DCE072DA2CD}.Release|x64.Build.0 = Release|x64
		{810CCE85-8B93-483A-91A8-2DCE072DA2CD}.Release|x86.ActiveCfg = Release|Win32
		{810CCE85-8B93-483A-91A8-2DCE072DA2CD}.Release|x86.Build.0 = Release|Win32
		{3C7FF542-297F-4C02-AEF8-FAEB5B86BB64}.Debug|x64.ActiveCfg = Debug|x64
		{3C7FF542-297F-4C02-AEF8-FAEB5B86BB64}.Debug|x64.Build.0 = Debug|x64
		{3C7FF542-297F-4C02-AEF8-FAEB5B86BB64}.Debug|x86.ActiveCfg = Debug|Win32
		{3C7FF542-297F-4C02-AEF8-FAEB5B86BB64}.Debug|x86.Build.0 = Debug|Win32
		{3C7FF542-297F-4C02-AEF8-FAEB5B86BB64}.Release|x64.ActiveCfg = Release|x64
		{3C7FF542-297F-4C02-AEF8-FAEB5B86BB64}.Release|x64.Build.0 = Release|x64
		{3C7FF542-297F-4C02-AEF8-FAEB5B86BB64}.Release|x86.ActiveCfg = Release|Win32
		{3C7FF542-297F-4C02-AEF8-FAEB5B86BB64}.Release|x86.Build.0 = Release|Win32
		{CE9227BD-8CEB-40E5-B985-E0A24C3BFC85}.Debug|x64.ActiveCfg = Debug|x64
		{CE9227BD-8CEB-40E5-B985-E0A24C3BFC85}.Debug|x64.Build.0 = Debug|x64
		{CE9227BD-8CEB-40E5-B985-E0A24C3BFC85}.Debug|x86.ActiveCfg = Debug|Win32
		{CE9227BD-8CEB-40E5-B985-E0A24C3BFC85}.Debug|x86.Build.0 = Debug|Win32
		{CE9227BD-8CEB-40E5-B985-E0A24C3BFC85}.Release|x64.ActiveCfg = Release|x64
		{CE9227BD-8CEB-40E5-B985-E0A24C3BFC85}.Release|x64.Build.0 = Release|x64
		{CE9227BD-8CEB-40E5-B985-E0A24C3BFC85}.Release|x86.ActiveCfg = Release|Win32
		{CE9227BD-8CEB-40E5-B985-E0A24C3BFC85}.Release|x86.Build.0 = Release|Win32
		{4677A071-302B-4373-BBE6-5B38BEF171F1}.Debug|x64.ActiveCfg = Debug|x64
		{4677A071-302B-4373-BBE6-5B38BEF171F1}.Debug|x64.Build.0 = Debug|x64
		{4677A071-302B-4373-BBE6-5B38BEF171F1}.Debug|x86.ActiveCfg = Debug|Win32
		{4677A071-302B-4373-BBE6-5B38BEF171F1}.Debug|x86.Build.0 = Debug|Win32
		{4677A071-302B-4373-BBE6-5B38BEF171F1}.Release|x64.ActiveCfg = Release|x64
		{4677A071-302B-4373-BBE6-5B38BEF171F1}.Release|x64.Build.0 = Release|x64
		{4677A071-302B-4373-BBE6-5B38BEF171F1}.Release|x86.ActiveCfg = Release|Win32
		{4677A071-302B-4373-BBE6-5B38BEF171F1}.Release|x86.Build.0 = Release|Win32
		{F681C94C-45A8-4252-898C-3117EE550E02}.Debug|x64.ActiveCfg = Debug|x64
		{F681C94C-45A8-4252-898C-3117EE550E02}.Debug|x64.Build.0 = Debug|x64
		{F681C94C-45A8-4252-898C-3117EE550E02}.Debug|x86.ActiveCfg = Debug|Win32
		{F681C94C-45A8-4252-898C-3117EE550E02}.Debug|x86.Build.0 = Debug|Win32
		{F681C94C-45A8-4252-898C-3117EE550E02}.Release|x64.ActiveCfg = Release|x64
		{F681C94C-45A8-4252-898C-3117EE550E02}.Release|x64.Build.0 = Release|x64
		{F681C94C-45A8-4252-898C-3117EE550E02}.Release|x86.ActiveCfg = Release|Win32
		{F681C94C-45A8-4252-898C-3117EE550E02}.Release|x86.Build.0 = Release|Win32
		{3FACDB0B-D5CE-4DB2-85EA-C0806B0D4DCA}.Debug|x64.ActiveCfg = Debug|x64
		{3FACDB0B-D5CE-4DB2-85EA-C0806B0D4DCA}.Debug|x64.Build.0 = Debug|x64
		{3FACDB0B-D5CE-4DB2-85EA-C0806B0D4DCA}.Debug|x86.ActiveCfg = Debug|Win32
		{3FACDB0B-D5CE-4DB2-85EA-C0806B0D4DCA}.Debug|x86.Build.0 = Debug|Win32
		{3FACDB0B-D5CE-4DB2-85EA-C0806B0D4DCA}.Release|x64.ActiveCfg = Release|x64
		{3FACDB0B-D5CE-4DB2-85EA-C0806B0D4DCA}.Release|x64.Build.0 = Release|x64
		{3FACDB0B-D5CE-4DB2-85EA-C0806B0D4DCA}.Release|x86.ActiveCfg = Release|Win32
		{3FACDB0B-D5CE-4DB2-85EA-C0806B0D4DCA}.Release|x86.Build.0 = Release|Win32
		{06F7F7B8-B2A3-468C-A5CC-E19E7F7BD8C1}.Debug|x64.ActiveCfg = Debug|x64
		{06F7F7B8-B2A3-468C-A5CC-E19E7F7BD8C1}.Debug|x64.Build.0 = Debug|x64
		{06F7F7B8-B2A3-468C-A5CC-E19E7F7BD8C1}.Debug|x86.ActiveCfg = Debug|Win32
		{06F7F7B8-B2A3-468C-A5CC-E19E7F7BD8C1}.Debug|x86.Build.0 = Debug|Win32
		{06F7F7B8-B2A3-468C-A5CC-E19E7F7BD8C1}.Release|x64.ActiveCfg = Release|x64
		{06F7F7B8-B2A3-468C-A5CC-E19E7F7BD8C1}.Release|x64.Build.0 = Release|x64
		{06F7F7B8-B2A3-468C-A5CC-E19E7F7BD8C1}.Release|x86.ActiveCfg = Release|Win32
		{06F7F7B8-B2A3-468C-A5CC-E19E7F7BD8C1}.Release|x86.Build.0 = Release|Win32
		{480BE710-20C4-4EB7-B085-D8CBBBA67A3D}.Debug|x64.ActiveCfg = Debug|x64
		{480BE710-20C4-4EB7-B085-D8CBBBA67A3D}.Debug|x64.Build.0 = Debug|x64
		{480BE710-20C4-4EB7-B085-D8CBBBA67A3D}.Debug|x86.ActiveCfg = Debug|Win32
		{480BE710-20C4-4EB7-B085-D8CBBBA67A3D}.Debug|x86.Build.0 = Debug|Win32
		{480BE710-20C4-4EB7-B085-D8CBBBA67A3D}.Release|x64.ActiveCfg = Release|x64
		{480BE710-20C4-4EB7-B085-D8CBBBA67A3D}.Release|x64.Build.0 = Release|x64
		{480BE710-20C4-4EB7-B085-D8CBBBA67A3D}.Release|x86.ActiveCfg = Release|Win32
		{480BE710-20C4-4EB7-B085-D8CBBBA67A3D}.Release|x86.Build.0 = Release|Win32
		{17A3B8AD-B92B-40C3-A5B4-8C8024C4EC90}.Debug|x64.ActiveCfg = Debug|x64
		{17A3B8AD-B92B-40C3-A5B4-8C8024C4EC90}.Debug|x64.Build.0 = Debug|x64
		{17A3B8AD-B92B-40C3-A5B4-8C8024C4EC90}.Debug|x86.ActiveCfg = Debug|Win32
		{17A3B8AD-B92B-40C3-A5B4-8C8024C4EC90}.Debug|x86.Build.0 = Debug|Win32
		{17A3B8AD-B92B-40C3-A5B4-8C8024C4EC90}.Release|x64.ActiveCfg = Release|x64
		{17A3B8AD-B92B-40C3-A5B4-8C8024C4EC90}.Release|x64.Build.0 = Release|x64
		{17A3B8AD-B92B-40C3-A5B4-8C8024C4EC90}.Release|x86.ActiveCfg = Release|Win32
		{17A3B8AD-B92B-40C3-A5B4-8C8024C4EC90}.Release|x86.Build.0 = Release|Win32
		{70915734-AD1E-4AA0-A74C-53C0DB28900A}.Debug|x64.ActiveCfg = Debug|x64
		{70915734-AD1E-4AA0-A74C-53C0DB28900A}.Debug|x64.Build.0 = Debug|x64
		{70915734-AD1E-4AA0-A74C-53C0DB28900A}.Debug|x86.ActiveCfg = Debug|Win32
		{70915734-AD1E-4AA0-A74C-53C0DB28900A}.Debug|x86.Build.0 = Debug|Win32
		{70915734-AD1E-4AA0-A74C-53C0DB28900A}.Release|x64.ActiveCfg = Release|x64
		{70915734-AD1E-4AA0-A74C-53C0DB28900A}.Release|x64.Build.0 = Release|x64
		{70915734-AD1E-4AA0-A74C-53C0DB28900A}.Release|x86.ActiveCfg = Release|Win32
		{70915734-AD1E-4AA0-A74C-53C0DB28900A}.Release|x86.Build.0 = Release|Win32
		{4B6459E5-2426-4244-A23B-9938E1BF8BAA}.Debug|x64.ActiveCfg = Debug|x64
		{4B6459E5-2426-4244-A23B-9938E1BF8BAA}.Debug|x64.Build.0 = Debug|x64
		{4B6459E5-2426-4244-A23B-9938E1BF8BAA}.Debug|x86.ActiveCfg = Debug|Win32
		{4B6459E5-2426-4244-A23B-9938E1BF8BAA}.Debug|x86.Build.0 = Debug|Win32
		{4B6459E5-2426-4244-A23B-9938E1BF8BAA}.Release|x64.ActiveCfg = Release|x64
		{4B6459E5-2426-4244-A23B-9938E1BF8BAA}.Release|x64.Build.0 = Release|x64
		{4B6459E5-2426-4244-A23B-9938E1BF8BAA}.Release|x86.ActiveCfg = Release|Win32
		{4B6459E5-2426-4244-A23B-9938E1BF8BAA}.Release|x86.Build.0 = Release|Win32
		{3B47CDCA-8FEC-4D90-A819-C16F1A3017CC}.Debug|x64.ActiveCfg = Debug|x64
		{3B47CDCA-8FEC-4D90-A819-C16F1A3017CC}.Debug|x64.Build.0 = Debug|x64
		{3B47CDCA-8FEC-4D90-A819-C16F1A3017CC}.Debug|x86.ActiveCfg = Debug|Win32
		{3B47CDCA-8FEC-4D90-A819-C16F1A3017CC}.Debug|x86.Build.0 = Debug|Win32
		{3B47CDCA-8FEC-4D90-A819-C16F1A3017CC}.Release|x64.ActiveCfg = Release|x64
		{3B47CDCA-8FEC-4D90-A819-C16F1A3017CC}.Release|x64.Build.0 = Release|x64
		{3B47CDCA-8FEC-4D90-A819-C16F1A3017CC}.Release|x86.ActiveCfg = Release|Win32
		{3B47CDCA-8FEC-4D90-A819-C16F1A3017CC}.Release|x86.Build.0 = Release|Win32
		{2D8B6E31-BE59-4800-90E0-8A99555EAE52}.Debug|x64.ActiveCfg = Debug|x64
		{2D8B6E31-BE59-4800-90E0-8A99555EAE52}.Debug|x64.Build.0 = Debug|x64
		{2D8B6E31-BE59-4800-90E0-8A99555EAE52}.Debug|x86.ActiveCfg = Debug|Win32
		{2D8B6E31-BE59-4800-90E0-8A99555EAE52}.Debug|x86.Build.0 = Debug|Win32
		{2D8B6E31-BE59-4800-90E0-8A99555EAE52}.Release|x64.ActiveCfg = Release|x64
		{2D8B6E31-BE59-4800-90E0-8A99555EAE52}.Release|x64.Build.0 = Release|x64
		{2D8B6E31-BE59-4800-90E0-8A99555EAE52}.Release|x86.ActiveCfg = Release|Win32
		{2D8B6E31-BE59-4800-90E0-8A99555EAE52}.Release|x86.Build.0 = Release|Win32
		{EF712F49-7A13-41D4-BE99-B47095BAED21}.Debug|x64.ActiveCfg = Debug|x64
		{EF712F49-7A13-41D4-BE99-B47095BAED21}.Debug|x64.Build.0 = Debug|x64
		{EF712F49-7A13-41D4-BE99-B47095BAED21}.Debug|x86.ActiveCfg = Debug|Win32
		{EF712F49-7A13-41D4-BE99-B47095BAED21}.Debug|x86.Build.0 = Debug|Win32
		{EF712F49-7A13-41D4-BE99-B47095BAED21}.Release|x64.ActiveCfg = Release|x64
		{EF712F49-7A13-41D4-BE99-B47095BAED21}.Release|x64.Build.0 = Release|x64
		{EF712F49-7A13-41D4-BE99-B47095BAED21}.Release|x86.ActiveCfg = Release|Win32
		{EF712F49-7A13-41D4-BE99-B47095BAED21}.Release|x86.Build.0 = Release|Win32
		{589DA8B2-8F27-4924-859A-C32939DC8CD7}.Debug|x64.ActiveCfg = Debug|x64
		{589DA8B2-8F27-4924-859A-C32939DC8CD7}.Debug|x64.Build.0 = Debug|x64
		{589DA8B2-8F27-4924-859A-C32939DC8CD7}.Debug|x86.ActiveCfg = Debug|Win32
		{589DA8B2-8F27-4924-859A-C32939DC8CD7}.Debug|x86.Build.0 = Debug|Win32
		{589DA8B2-8F27-4924-859A-C32939DC8CD7}.Release|x64.ActiveCfg = Release|x64
		{589DA8B2-8F27-4924-859A-C32939DC8CD7}.Release|x64.Build.0 = Release|x64
		{589DA8B2-8F27-4924-859A-C32939DC8CD7}.Release|x86.ActiveCfg = Release|Win32
		{589DA8B2-8F27-4924-859A-C32939DC8CD7}.Release|x86.Build.0 = Release|Win32
		{613D4D89-BA25-4A46-94D0-6881473339CE}.Debug|x64.ActiveCfg = Debug|x64
		{613D4D89-BA25-4A46-94D0-6881473339CE}.Debug|x64.Build.0 = Debug|x64
		{613D4D89-BA25-4A46-94D0-6881473339CE}.Debug|x86.ActiveCfg = Debug|Win32
		{613D4D89-BA25-4A46-94D0-6881473339CE}.Debug|x86.Build.0 = Debug|Win32
		{613D4D89-BA25-4A46-94D0-6881473339CE}.Release|x64.ActiveCfg = Release|x64
		{613D4D89-BA25-4A46-94D0-6881473339CE}.Release|x64.Build.0 = Release|x64
		{613D4D89-BA25-4A46-94D0-6881473339CE}.Release|x86.ActiveCfg = Release|Win32
		{613D4D89-BA25-4A46-94D0-6881473339CE}.Release|x86.Build.0 = Release|Win32
		{9BDA5FC4-C712-4D32-8890-E0BC8E32C9A3}.Debug|x64.ActiveCfg = Debug|x64
		{9BDA5FC4-C712-4D32-8890-E0BC8E32C9A3}.Debug|x64.Build.0 = Debug|x64
		{9BDA5FC4-C712-4D32-8890-E0BC8E32C9A3}.Debug|x86.ActiveCfg = Debug|Win32
		{9BDA5FC4-C712-4D32-8890-E0BC8E32C9A3}.Debug|x86.Build.0 = Debug|Win32
		{9BDA5FC4-C712-4D32-8890-E0BC8E32C9A3}.Release|x64.ActiveCfg = Release|x64
		{9BDA5FC4-C712-4D32-8890-E0BC8E32C9A3}.Release|x64.Build.0 = Release|x64
		{9BDA5FC4-C712-4D32-8890-E0BC8E32C9A3}.Release|x86.ActiveCfg = Release|Win32
		{9BDA5FC4-C712-4D32-8890-E0BC8E32C9A3}.Release|x86.Build.0 = Release|Win32
		{0A308E31-9C59-433D-BFEF-3A6CB6DBD28C}.Debug|x64.ActiveCfg = Debug|x64
		{0A308E31-9C59-433D-BFEF-3A6CB6DBD28C}.Debug|x64.Build.0 = Debug|x64
		{0A308E31-9C59-433D-BFEF-3A6CB6DBD28C}.Debug|x86.ActiveCfg = Debug|Win32
		{0A308E31-9C59-433D-BFEF-3A6CB6DBD28C}.Debug|x86.Build.0 = Debug|Win32
		{0A308E31-9C59-433D-BFEF-3A6CB6DBD28C}.Release|x64.ActiveCfg = Release|x64
		{0A308E31-9C59-433D-BFEF-3A6CB6DBD28C}.Release|x64.Build.0 = Release|x64
		{0A308E31-9C59-433D-BFEF-3A6CB6DBD28C}.Release|x86.ActiveCfg = Release|Win32
		{0A308E31-9C59-433D-BFEF-3A6CB6DBD28C}.Release|x86.Build.0 = Release|Win32
		{4573FA3A-7E86-4A0B-84D2-70790275F087}.Debug|x64.ActiveCfg = Debug|x64
		{4573FA3A-7E86-4A0B-84D2-70790275F087}.Debug|x64.Build.0 = Debug|x64
		{4573FA3A-7E86-4A0B-84D2-70790275F087}.Debug|x86.ActiveCfg = Debug|Win32
		{4573FA3A-7E86-4A0B-84D2-70790275F087}.Debug|x86.Build.0 = Debug|Win32
		{4573FA3A-7E86-4A0B-84D2-70790275F087}.Release|x64.ActiveCfg = Release|x64
		{4573FA3A-7E86-4A0B-84D2-70790275F087}.Release|x64.Build.0 = Release|x64
		{4573FA3A-7E86-4A0B-84D2-70790275F087}.Release|x86.ActiveCfg = Release|Win32
		{4573FA3A-7E86-4A0B-84D2-70790275F087}.Release|x86.Build.0 = Release|Win32
		{619FC9DC-FBF5-4411-8F66-9370BE0F02F8}.Debug|x64.ActiveCfg = Debug|x64
		{619FC9DC-FBF5-4411-8F66-9370BE0F02F8}.Debug|x64.Build.0 = Debug|x64
		{619FC9DC-FBF5-4411-8F66-9370BE0F02F8}.Debug|x86.ActiveCfg = Debug|Win32
		{619FC9DC-FBF5-4411-8F66-9370BE0F02F8}.Debug|x86.Build.0 = Debug|Win32
		{619FC9DC-FBF5-4411-8F66-9370BE0F02F8}.Release|x64.ActiveCfg = Release|x64
		{619FC9DC-FBF5-4411-8F66-9370BE0F02F8}.Release|x64.Build.0 = Release|x64
		{619FC9DC-FBF5-4411-8F66-9370BE0F02F8}.Release|x86.ActiveCfg = Release|Win32
		{619FC9DC-FBF5-4411-8F66-9370BE0F02F8}.Release|x86.Build.0 = Release|Win32
		{78BE20E7-7EA6-428F-B436-9C5375AD7F03}.Debug|x64.ActiveCfg = Debug|x64
		{78BE20E7-7EA6-428F-B436-9C5375AD7F03}.Debug|x64.Build.0 = Debug|x64
		{78BE20E7-7EA6-428F-B436-9C5375AD7F03}.Debug|x86.ActiveCfg = Debug|Win32
		{78BE20E7-7EA6-428F-B436-9C5375AD7F03}.Debug|x86.Build.0 = Debug|Win32
		{78BE20E7-7EA6-428F-B436-9C5375AD7F03}.Release|x64.ActiveCfg = Release|x64
		{78BE20E7-7EA6-428F-B436-9C5375AD7F03}.Release|x64.Build.0 = Release|x64
		{78BE20E7-7EA6-428F-B436-9C5375AD7F03}.Release|x86.ActiveCfg = Release|Win32
		{78BE20E7-7EA6-428F-B436-9C5375AD7F03}.Release|x86.Build.0 = Release|Win32
		{C12087AA-44AD-4DED-8274-3EA68B4D68AA}.Debug|x64.ActiveCfg = Debug|x64
		{C12087AA-44AD-4DED-8274-3EA68B4D68AA}.Debug|x64.Build.0 = Debug|x64
		{C12087AA-44AD-4DED-8274-3EA68B4D68AA}.Debug|x86.ActiveCfg = Debug|Win32
		{C12087AA-44AD-4DED-8274-3EA68B4D68AA}.Debug|x86.Build.0 = Debug|Win32
		{C12087AA-44AD-4DED-8274-3EA68B4D68AA}.Release|x64.ActiveCfg = Release|x64
		{C12087AA-44AD-4DED-8274-3EA68B4D68AA}.Release|x64.Build.0 = Release|x64
		{C12087AA-44AD-4DED-8274-3EA68B4D68AA}.Release|x86.ActiveCfg = Release|Win32
		{C12087AA-44AD-4DED-8274-3EA68B4D68AA}.Release|x86.Build.0 = Release|Win32
		{671B2A07-6A6A-4AB7-B30E-99C9671CC566}.Debug|x64.ActiveCfg = Debug|x64
		{671B2A07-6A6A-4AB7-B30E-99C9671CC566}.Debug|x64.Build.0 = Debug|x64
		{671B2A07-6A6A-4AB7-B30E-99C9671CC566}.Debug|x86.ActiveCfg = Debug|Win32
		{671B2A07-6A6A-4AB7-B30E-99C9671CC566}.Debug|x86.Build.0 = Debug|Win32
		{671B2A07-6A6A-4AB7-B30E-99C9671CC566}.Release|x64.ActiveCfg = Release|x64
		{671B2A07-6A6A-4AB7-B30E-99C9671CC566}.Release|x64.Build.0 = Release|x64
		{671B2A07-6A6A-4AB7-B30E-99C9671CC566}.Release|x86.ActiveCfg = Release|Win32
		{671B2A07-6A6A-4AB7-B30E-99C9671CC566}.Release|x86.Build.0 = Release|Win32
		{6CDE81AD-D8C7-4386-B6DE-48AF10672C4D}.Debug|x64.ActiveCfg = Debug|x64
		{6CDE81AD-D8C7-4386-B6DE-48AF10672C4D}.Debug|x64.Build.0 = Debug|x64
		{6CDE81AD-D8C7-4386-B6DE-48AF10672C4D}.Debug|x86.ActiveCfg = Debug|Win32
		{6CDE81AD-D8C7-4386-B6DE-48AF10672C4D}.Debug|x86.Build.0 = Debug|Win32
		{6CDE81AD-D8C7-4386-B6DE-48AF10672C4D}.Release|x64.ActiveCfg = Release|x64
		{6CDE81AD-D8C7-4386-B6DE-48AF10672C4D}.Release|x64.Build.0 = Release|x64
		{6CDE81AD-D8C7-4386-B6DE-48AF10672C4D}.Release|x86.ActiveCfg = Release|Win32
		{6CDE81AD-D8C7-4386-B6DE-48AF10672C4D}.Release|x86.Build.0 = Release|Win32
		{3FAFE773-0036-4E45-ADBC-4D3908274B4D}.Debug|x64.ActiveCfg = Debug|x64
		{3FAFE773-0036-4E45-ADBC-4D3908274B4D}.Debug|x64.Build.0 = Debug|x64
		{3FAFE773-0036-4E45-ADBC-4D3908274B4D}.Debug|x86.ActiveCfg = Debug|Win32
		{3FAFE773-0036-4E45-ADBC-4D3908274B4D}.Debug|x86.Build.0 = Debug|Win32
		{3FAFE773-0036-4E45-ADBC-4D3908274B4D}.Release|x64.ActiveCfg = Release|x64
		{3FAFE773-0036-4E45-ADBC-4D3908274B4D}.Release|x64.Build.0 = Release|x64
		{3FAFE773-0036-4E45-ADBC-4D3908274B4D}.Release|x86.ActiveCfg = Release|Win32
		{3FAFE773-0036-4E45-ADBC-4D3908274B4D}.Release|x86.Build.0 = Release|Win32
		{98E266D0-0701-4417-8BA3-55145EEB9C07}.Debug|x64.ActiveCfg = Debug|x64
		{98E266D0-0701-4417-8BA3-55145EEB9C07}.Debug|x64.Build.0 = Debug|x64
		{98E266D0-0701-4417-8BA3-55145EEB9C07}.Debug|x86.ActiveCfg = Debug|Win32
		{98E266D0-0701-4417-8BA3-55145EEB9C07}.Debug|x86.Build.0 = Debug|Win32
		{98E266D0-0701-4417-8BA3-55145EEB9C07}.Release|x64.ActiveCfg = Release|x64
		{98E266D0-0701-4417-8BA3-55145EEB9C07}.Release|x64.Build.0 = Release|x64
		{98E266D0-0701-4417-8BA3-55145EEB9C07}.Release|x86.ActiveCfg = Release|Win32
		{98E266D0-0701-4417-8BA3-55145EEB9C07}.Release|x86.Build.0 = Release|Win32
		{59E9F71A-8B94-4C2D-8AA2-586B3189F5F6}.Debug|x64.ActiveCfg = Debug|x64
		{59E9F71A-8B94-4C2D-8AA2-586B3189F5F6}.Debug|x64.Build.0 = Debug|x64
		{59E9F71A-8B94-4C2D-8AA2-586B3189F5F6}.Debug|x86.ActiveCfg = Debug|Win32
		{59E9F71A-8B94-4C2D-8AA2-586B3189F5F6}.Debug|x86.Build.0 = Debug|Win32
		{59E9F71A-8B94-4C2D-8AA2-586B3189F5F6}.Release|x64.ActiveCfg = Release|x64
		{59E9F71A-8B94-4C2D-8AA2-586B3189F5F6}.Release|x64.Build.0 = Release|x64
		{59E9F71A-8B94-4C2D-8AA2-586B3189F5F6}.Release|x86.ActiveCfg = Release|Win32
		{59E9F71A-8B94-4C2D-8AA2-586B3189F5F6}.Release|x86.Build.0 = Release|Win32
		{D851C384-4532-4F91-8F87-A50621291977}.Debug|x64.ActiveCfg = Debug|x64
		{D851C384-4532-4F91-8F87-A50621291977}.Debug|x64.Build.0 = Debug|x64
		{D851C384-4532-4F91-8F87-A50621291977}.Debug|x86.ActiveCfg = Debug|Win32
		{D851C384-4532-4F91-8F87-A50621291977}.Debug|x86.Build.0 = Debug|Win32
		{D851C384-4532-4F91-8F87-A50621291977}.Release|x64.ActiveCfg = Release|x64
		{D851C384-4532-4F91-8F87-A50621291977}.Release|x64.Build.0 = Release|x64
		{D851C384-4532-4F91-8F87-A50621291977}.Release|x86.ActiveCfg = Release|Win32
		{D851C384-4532-4F91-8F87-A50621291977}.Release|x86.Build.0 = Release|Win32
	EndGlobalSection
	GlobalSection(SolutionProperties) = preSolution
		HideSolutionNode = FALSE
	EndGlobalSection
	GlobalSection(ExtensibilityGlobals) = postSolution
		SolutionGuid = {D9F0A185-0DAE-4E24-8ED1-443D98C14F37}
	EndGlobalSection
EndGlobal
